
Microsoft Visual Studio Solution File, Format Version 12.00
# Visual Studio Version 16
VisualStudioVersion = 16.0.31112.23
MinimumVisualStudioVersion = 10.0.40219.1
Project("{FAE04EC0-301F-11D3-BF4B-00C04F79EFBC}") = "WebQuanLyNhanSu", "WebQuanLyNhanSu\WebQuanLyNhanSu.csproj", "{58754D51-1B25-4623-B25E-3E04DA4ADAC8}"
EndProject
Global
	GlobalSection(SolutionConfigurationPlatforms) = preSolution
		Debug|Any CPU = Debug|Any CPU
		Release|Any CPU = Release|Any CPU
	EndGlobalSection
	GlobalSection(ProjectConfigurationPlatforms) = postSolution
		{58754D51-1B25-4623-B25E-3E04DA4ADAC8}.Debug|Any CPU.ActiveCfg = Debug|Any CPU
		{58754D51-1B25-4623-B25E-3E04DA4ADAC8}.Debug|Any CPU.Build.0 = Debug|Any CPU
		{58754D51-1B25-4623-B25E-3E04DA4ADAC8}.Release|Any CPU.ActiveCfg = Release|Any CPU
		{58754D51-1B25-4623-B25E-3E04DA4ADAC8}.Release|Any CPU.Build.0 = Release|Any CPU
	EndGlobalSection
	GlobalSection(SolutionProperties) = preSolution
		HideSolutionNode = FALSE
	EndGlobalSection
	GlobalSection(ExtensibilityGlobals) = postSolution
		SolutionGuid = {D0772190-7F62-4CB1-AD98-853056694666}
	EndGlobalSection
EndGlobal
